#MicroXplorer Configuration settings - do not modify
ADC1.AutoInjectedConv=DISABLE
ADC1.Channel-0\#ChannelRegularConversion=ADC_CHANNEL_6
ADC1.ClockPrescaler=ADC_CLOCK_SYNC_PCLK_DIV4
ADC1.ContinuousConvMode=DISABLE
ADC1.DMAContinuousRequests=ENABLE
ADC1.DataAlign=ADC_DATAALIGN_RIGHT
ADC1.DiscontinuousConvMode=DISABLE
ADC1.EOCSelection=ADC_EOC_SEQ_CONV
ADC1.EnableAnalogWatchDog=false
ADC1.ExternalTrigConv=ADC_EXTERNALTRIGCONV_T8_TRGO
ADC1.ExternalTrigConvEdge=ADC_EXTERNALTRIGCONVEDGE_RISING
ADC1.IPParameters=Rank-0\#ChannelRegularConversion,Channel-0\#ChannelRegularConversion,SamplingTime-0\#ChannelRegularConversion,NbrOfConversionFlag,master,AutoInjectedConv,InjectedDiscontinuousConvMode,Mode,ClockPrescaler,ContinuousConvMode,DMAContinuousRequests,EOCSelection,ExternalTrigConv,Resolution,DataAlign,ScanConvMode,DiscontinuousConvMode,NbrOfConversion,ExternalTrigConvEdge,EnableAnalogWatchDog
ADC1.InjectedDiscontinuousConvMode=DISABLE
ADC1.Mode=ADC_DUALMODE_REGSIMULT
ADC1.NbrOfConversion=1
ADC1.NbrOfConversionFlag=1
ADC1.Rank-0\#ChannelRegularConversion=1
ADC1.Resolution=ADC_RESOLUTION_12B
ADC1.SamplingTime-0\#ChannelRegularConversion=ADC_SAMPLETIME_3CYCLES
ADC1.ScanConvMode=DISABLE
ADC1.master=1
ADC2.AutoInjectedConv=DISABLE
ADC2.Channel-0\#ChannelRegularConversion=ADC_CHANNEL_7
ADC2.ClockPrescaler=ADC_CLOCK_SYNC_PCLK_DIV4
ADC2.DMAContinuousRequests=ENABLE
ADC2.EOCSelection=ADC_EOC_SEQ_CONV
ADC2.IPParameters=Rank-0\#ChannelRegularConversion,Channel-0\#ChannelRegularConversion,SamplingTime-0\#ChannelRegularConversion,NbrOfConversionFlag,AutoInjectedConv,InjectedDiscontinuousConvMode,Mode,ClockPrescaler,EOCSelection,DMAContinuousRequests
ADC2.InjectedDiscontinuousConvMode=DISABLE
ADC2.Mode=ADC_DUALMODE_REGSIMULT
ADC2.NbrOfConversionFlag=1
ADC2.Rank-0\#ChannelRegularConversion=1
ADC2.SamplingTime-0\#ChannelRegularConversion=ADC_SAMPLETIME_3CYCLES
Dma.ADC1.3.Direction=DMA_PERIPH_TO_MEMORY
Dma.ADC1.3.FIFOMode=DMA_FIFOMODE_ENABLE
Dma.ADC1.3.FIFOThreshold=DMA_FIFO_THRESHOLD_FULL
Dma.ADC1.3.Instance=DMA2_Stream0
Dma.ADC1.3.MemBurst=DMA_MBURST_INC4
Dma.ADC1.3.MemDataAlignment=DMA_MDATAALIGN_WORD
Dma.ADC1.3.MemInc=DMA_MINC_ENABLE
Dma.ADC1.3.Mode=DMA_CIRCULAR
Dma.ADC1.3.PeriphBurst=DMA_PBURST_INC4
Dma.ADC1.3.PeriphDataAlignment=DMA_PDATAALIGN_WORD
Dma.ADC1.3.PeriphInc=DMA_PINC_DISABLE
Dma.ADC1.3.Priority=DMA_PRIORITY_HIGH
Dma.ADC1.3.RequestParameters=Instance,Direction,PeriphInc,MemInc,PeriphDataAlignment,MemDataAlignment,Mode,Priority,FIFOMode,FIFOThreshold,MemBurst,PeriphBurst
Dma.ADC2.0.Direction=DMA_PERIPH_TO_MEMORY
Dma.ADC2.0.FIFOMode=DMA_FIFOMODE_ENABLE
Dma.ADC2.0.FIFOThreshold=DMA_FIFO_THRESHOLD_FULL
Dma.ADC2.0.Instance=DMA2_Stream2
Dma.ADC2.0.MemBurst=DMA_MBURST_INC4
Dma.ADC2.0.MemDataAlignment=DMA_MDATAALIGN_WORD
Dma.ADC2.0.MemInc=DMA_MINC_ENABLE
Dma.ADC2.0.Mode=DMA_CIRCULAR
Dma.ADC2.0.PeriphBurst=DMA_PBURST_INC4
Dma.ADC2.0.PeriphDataAlignment=DMA_PDATAALIGN_WORD
Dma.ADC2.0.PeriphInc=DMA_PINC_DISABLE
Dma.ADC2.0.Priority=DMA_PRIORITY_HIGH
Dma.ADC2.0.RequestParameters=Instance,Direction,PeriphInc,MemInc,PeriphDataAlignment,MemDataAlignment,Mode,Priority,FIFOMode,FIFOThreshold,MemBurst,PeriphBurst
Dma.MEMTOMEM.1.Direction=DMA_MEMORY_TO_MEMORY
Dma.MEMTOMEM.1.FIFOMode=DMA_FIFOMODE_ENABLE
Dma.MEMTOMEM.1.FIFOThreshold=DMA_FIFO_THRESHOLD_FULL
Dma.MEMTOMEM.1.Instance=DMA2_Stream1
Dma.MEMTOMEM.1.MemBurst=DMA_MBURST_INC4
Dma.MEMTOMEM.1.MemDataAlignment=DMA_MDATAALIGN_WORD
Dma.MEMTOMEM.1.MemInc=DMA_MINC_ENABLE
Dma.MEMTOMEM.1.Mode=DMA_NORMAL
Dma.MEMTOMEM.1.PeriphBurst=DMA_PBURST_INC4
Dma.MEMTOMEM.1.PeriphDataAlignment=DMA_PDATAALIGN_WORD
Dma.MEMTOMEM.1.PeriphInc=DMA_PINC_ENABLE
Dma.MEMTOMEM.1.Priority=DMA_PRIORITY_MEDIUM
Dma.MEMTOMEM.1.RequestParameters=Instance,Direction,PeriphInc,MemInc,PeriphDataAlignment,MemDataAlignment,Mode,Priority,FIFOMode,FIFOThreshold,MemBurst,PeriphBurst
Dma.MEMTOMEM.2.Direction=DMA_MEMORY_TO_MEMORY
Dma.MEMTOMEM.2.FIFOMode=DMA_FIFOMODE_ENABLE
Dma.MEMTOMEM.2.FIFOThreshold=DMA_FIFO_THRESHOLD_FULL
Dma.MEMTOMEM.2.Instance=DMA2_Stream3
Dma.MEMTOMEM.2.MemBurst=DMA_MBURST_INC4
Dma.MEMTOMEM.2.MemDataAlignment=DMA_MDATAALIGN_WORD
Dma.MEMTOMEM.2.MemInc=DMA_MINC_ENABLE
Dma.MEMTOMEM.2.Mode=DMA_NORMAL
Dma.MEMTOMEM.2.PeriphBurst=DMA_PBURST_INC4
Dma.MEMTOMEM.2.PeriphDataAlignment=DMA_PDATAALIGN_WORD
Dma.MEMTOMEM.2.PeriphInc=DMA_PINC_ENABLE
Dma.MEMTOMEM.2.Priority=DMA_PRIORITY_MEDIUM
Dma.MEMTOMEM.2.RequestParameters=Instance,Direction,PeriphInc,MemInc,PeriphDataAlignment,MemDataAlignment,Mode,Priority,FIFOMode,FIFOThreshold,MemBurst,PeriphBurst
Dma.Request0=ADC2
Dma.Request1=MEMTOMEM
Dma.Request2=MEMTOMEM
Dma.Request3=ADC1
Dma.RequestsNb=4
File.Version=6
KeepUserPlacement=true
Mcu.Family=STM32F4
Mcu.IP0=ADC1
Mcu.IP1=ADC2
Mcu.IP2=DMA
Mcu.IP3=NVIC
Mcu.IP4=RCC
Mcu.IP5=SYS
Mcu.IP6=TIM8
Mcu.IP7=USART2
Mcu.IPNb=8
Mcu.Name=STM32F446R(C-E)Tx
Mcu.Package=LQFP64
Mcu.Pin0=PA2
Mcu.Pin1=PA3
Mcu.Pin2=PA6
Mcu.Pin3=PA7
Mcu.Pin4=VP_SYS_VS_Systick
Mcu.Pin5=VP_TIM8_VS_ClockSourceINT
Mcu.PinsNb=6
Mcu.UserConstants=
Mcu.UserName=STM32F446RETx
MxCube.Version=4.20.0
MxDb.Version=DB.4.0.200
NVIC.ADC_IRQn=true\:0\:0\:false\:false\:true
NVIC.BusFault_IRQn=true\:0\:0\:false\:false\:false
NVIC.DMA2_Stream0_IRQn=true\:0\:0\:false\:false\:true
NVIC.DMA2_Stream1_IRQn=true\:0\:0\:false\:false\:true
NVIC.DMA2_Stream2_IRQn=true\:0\:0\:false\:false\:true
NVIC.DMA2_Stream3_IRQn=true\:0\:0\:false\:false\:true
NVIC.DebugMonitor_IRQn=true\:0\:0\:false\:false\:false
NVIC.HardFault_IRQn=true\:0\:0\:false\:false\:false
NVIC.MemoryManagement_IRQn=true\:0\:0\:false\:false\:false
NVIC.NonMaskableInt_IRQn=true\:0\:0\:false\:false\:false
NVIC.PendSV_IRQn=true\:0\:0\:false\:false\:true
NVIC.PriorityGroup=NVIC_PRIORITYGROUP_0
NVIC.SVCall_IRQn=true\:0\:0\:false\:false\:true
NVIC.SysTick_IRQn=true\:0\:0\:false\:false\:true
NVIC.USART2_IRQn=true\:0\:0\:false\:false\:true
NVIC.UsageFault_IRQn=true\:0\:0\:false\:false\:false
PA2.Mode=Asynchronous
PA2.Signal=USART2_TX
PA3.Mode=Asynchronous
PA3.Signal=USART2_RX
PA6.Signal=ADCx_IN6
PA7.Signal=ADCx_IN7
PCC.Checker=false
PCC.Line=STM32F446
PCC.MCU=STM32F446R(C-E)Tx
PCC.MXVersion=4.20.0
PCC.PartNumber=STM32F446RETx
PCC.Seq0=0
PCC.Series=STM32F4
PCC.Temperature=25
PCC.Vdd=null
ProjectManager.AskForMigrate=true
ProjectManager.BackupPrevious=false
ProjectManager.CompilerOptimize=2
ProjectManager.ComputerToolchain=false
ProjectManager.CoupleFile=true
ProjectManager.CustomerFirmwarePackage=C\:/Users/Gustavo/STM32Cube/Repository/STM32Cube_FW_F4_V1.16.0
ProjectManager.DefaultFWLocation=true
ProjectManager.DeletePrevious=true
ProjectManager.DeviceId=STM32F446RETx
ProjectManager.FirmwarePackage=STM32Cube FW_F4 V1.16.0
ProjectManager.FreePins=false
ProjectManager.HalAssertFull=false
ProjectManager.HeapSize=0x200
ProjectManager.KeepUserCode=true
ProjectManager.LastFirmware=true
ProjectManager.LibraryCopy=1
ProjectManager.PreviousToolchain=SW4STM32
ProjectManager.ProjectBuild=false
ProjectManager.ProjectFileName=EnergyMonitor.ioc
ProjectManager.ProjectName=EnergyMonitor
ProjectManager.StackSize=0x400
ProjectManager.TargetToolchain=SW4STM32
ProjectManager.ToolChainLocation=
ProjectManager.UnderRoot=true
ProjectManager.functionlistsort=1-MX_GPIO_Init-GPIO-false-HAL,2-MX_DMA_Init-DMA-false-HAL,3-SystemClock_Config-RCC-false-HAL,4-MX_ADC1_Init-ADC1-false-HAL,5-MX_ADC2_Init-ADC2-false-HAL,6-MX_USART2_UART_Init-USART2-false-HAL,7-MX_TIM8_Init-TIM8-false-HAL
RCC.AHBFreq_Value=84000000
RCC.APB1CLKDivider=RCC_HCLK_DIV2
RCC.APB1Freq_Value=42000000
RCC.APB1TimFreq_Value=84000000
RCC.APB2Freq_Value=84000000
RCC.APB2TimFreq_Value=84000000
RCC.CECEnable=false
RCC.CECFreq_Value=32786.88524590164
RCC.ClockTypeHCLK=RCC_CLOCKTYPE_HCLK
RCC.ClockTypePCLK1=RCC_CLOCKTYPE_PCLK1
RCC.ClockTypePCLK2=RCC_CLOCKTYPE_PCLK2
RCC.ClockTypeSysClk=RCC_CLOCKTYPE_SYSCLK
RCC.CortexFreq_Value=84000000
RCC.EnableFMPI2C1=false
RCC.EnableHSE=false
RCC.EnableHSERTCDevisor=false
RCC.EnableI2S1=false
RCC.EnableI2S2=false
RCC.EnableLSE=false
RCC.EnableLSERTC=false
RCC.EnableSAIA=false
RCC.EnableSAIB=false
RCC.EnableSDIO=false
RCC.EnableSPDIF=false
RCC.EnableUSB=false
RCC.EnbaleCSS=false
RCC.ExtClockEnable=false
RCC.FCLKCortexFreq_Value=84000000
RCC.FLatency-AdvancedSettings=FLASH_LATENCY_2
RCC.FMPI2C1Freq_Value=42000000
RCC.FamilyName=M
RCC.HCLKFreq_Value=84000000
RCC.HSEState=RCC_HSE_OFF
RCC.HSE_VALUE=8000000
RCC.HSIState=RCC_HSI_ON
RCC.HSI_VALUE=16000000
RCC.IPParameters=AHBFreq_Value,APB1CLKDivider,APB1Freq_Value,APB1TimFreq_Value,APB2Freq_Value,APB2TimFreq_Value,CECEnable,CECFreq_Value,ClockTypeHCLK,ClockTypePCLK1,ClockTypePCLK2,ClockTypeSysClk,CortexFreq_Value,EnableFMPI2C1,EnableHSE,EnableHSERTCDevisor,EnableI2S1,EnableI2S2,EnableLSE,EnableLSERTC,EnableSAIA,EnableSAIB,EnableSDIO,EnableSPDIF,EnableUSB,EnbaleCSS,ExtClockEnable,FCLKCortexFreq_Value,FLatency-AdvancedSettings,FMPI2C1Freq_Value,FamilyName,HCLKFreq_Value,HSEState,HSE_VALUE,HSIState,HSI_VALUE,IWDGEnable,LSE_VALUE,LSIState,LSI_VALUE,MCO1OutPutEnable,MCO2OutPutEnable,MCO2PinFreq_Value,OscillatorTypeHSE,OscillatorTypeHSI,OscillatorTypeLSI,PLLCLKFreq_Value,PLLI2SPCLKFreq_Value,PLLI2SQCLKFreq_Value,PLLI2SRCLKFreq_Value,PLLN,PLLP,PLLQCLKFreq_Value,PLLRCLKFreq_Value,PLLSAIPCLKFreq_Value,PLLSAIQCLKFreq_Value,PLLSource,PLLSourceVirtual,PLLState,PWRFreq_Value,RCC_RTC_Clock_Source,RCC_RTC_Clock_SourceVirtual,RTCEnable,SAIAFreq_Value,SAIBFreq_Value,SDIOFreq_Value,SPDIFRXFreq_Value,SYSCLKFreq_VALUE,SYSCLKSource,USBFreq_Value,VCOI2SInputFreq_Value,VCOI2SOutputFreq_Value,VCOInputFreq_Value,VCOOutputFreq_Value,VCOSAIInputFreq_Value,VCOSAIOutputFreq_Value,VcooutputI2S
RCC.IWDGEnable=false
RCC.LSE_VALUE=32768
RCC.LSIState=RCC_LSI_OFF
RCC.LSI_VALUE=32000
RCC.MCO1OutPutEnable=false
RCC.MCO2OutPutEnable=false
RCC.MCO2PinFreq_Value=84000000
RCC.OscillatorTypeHSE=
RCC.OscillatorTypeHSI=RCC_OSCILLATORTYPE_HSI
RCC.OscillatorTypeLSI=
RCC.PLLCLKFreq_Value=84000000
RCC.PLLI2SPCLKFreq_Value=96000000
RCC.PLLI2SQCLKFreq_Value=96000000
RCC.PLLI2SRCLKFreq_Value=96000000
RCC.PLLN=336
RCC.PLLP=RCC_PLLP_DIV4
RCC.PLLQCLKFreq_Value=168000000
RCC.PLLRCLKFreq_Value=168000000
RCC.PLLSAIPCLKFreq_Value=96000000
RCC.PLLSAIQCLKFreq_Value=96000000
RCC.PLLSource=RCC_PLLSOURCE_HSI
RCC.PLLSourceVirtual=RCC_PLLSOURCE_HSI
RCC.PLLState=RCC_PLL_ON
RCC.PWRFreq_Value=84000000
RCC.RCC_RTC_Clock_Source=RCC_RTCCLKSOURCE_LSI
RCC.RCC_RTC_Clock_SourceVirtual=RCC_RTCCLKSOURCE_LSI
RCC.RTCEnable=false
RCC.SAIAFreq_Value=96000000
RCC.SAIBFreq_Value=96000000
RCC.SDIOFreq_Value=168000000
RCC.SPDIFRXFreq_Value=168000000
RCC.SYSCLKFreq_VALUE=84000000
RCC.SYSCLKSource=RCC_SYSCLKSOURCE_PLLCLK
RCC.USBFreq_Value=168000000
RCC.VCOI2SInputFreq_Value=1000000
RCC.VCOI2SOutputFreq_Value=192000000
RCC.VCOInputFreq_Value=1000000
RCC.VCOOutputFreq_Value=336000000
RCC.VCOSAIInputFreq_Value=1000000
RCC.VCOSAIOutputFreq_Value=192000000
RCC.VcooutputI2S=96000000
SH.ADCx_IN6.0=ADC1_IN6,IN6
SH.ADCx_IN6.ConfNb=1
SH.ADCx_IN7.0=ADC2_IN7,IN7
SH.ADCx_IN7.ConfNb=1
TIM8.IPParameters=Period,TIM_MasterOutputTrigger
TIM8.Period=7000
TIM8.TIM_MasterOutputTrigger=TIM_TRGO_UPDATE
USART2.BaudRate=9600
USART2.HwFlowCtl-Asynchronous=UART_HWCONTROL_NONE
USART2.IPParameters=VirtualMode,HwFlowCtl-Asynchronous,BaudRate
USART2.VirtualMode=VM_ASYNC
VP_SYS_VS_Systick.Mode=SysTick
VP_SYS_VS_Systick.Signal=SYS_VS_Systick
VP_TIM8_VS_ClockSourceINT.Mode=Internal
VP_TIM8_VS_ClockSourceINT.Signal=TIM8_VS_ClockSourceINT
board=NUCLEO-F446RE
boardIOC=true
